
Microsoft Visual Studio Solution File, Format Version 12.00
# Visual Studio Version 17
VisualStudioVersion = 17.14.36811.4 d17.14
MinimumVisualStudioVersion = 10.0.40219.1
Project("{FAE04EC0-301F-11D3-BF4B-00C04F79EFBC}") = "Schedule.Core", "Schedule.Core\Schedule.Core.csproj", "{C6F54EA9-7BCD-4344-878B-25327E6FDD7C}"
EndProject
Project("{FAE04EC0-301F-11D3-BF4B-00C04F79EFBC}") = "Schedule.Tests", "Schedule.Tests\Schedule.Tests.csproj", "{277217FA-6F52-4CAD-9487-D5BD7857D651}"
EndProject
Project("{FAE04EC0-301F-11D3-BF4B-00C04F79EFBC}") = "Schedule.Console", "Schedule.Console\Schedule.Console.csproj", "{F2326AFD-FDF2-442D-8580-1EB6F309DAB6}"
EndProject
Global
	GlobalSection(SolutionConfigurationPlatforms) = preSolution
		Debug|Any CPU = Debug|Any CPU
		Release|Any CPU = Release|Any CPU
	EndGlobalSection
	GlobalSection(ProjectConfigurationPlatforms) = postSolution
		{C6F54EA9-7BCD-4344-878B-25327E6FDD7C}.Debug|Any CPU.ActiveCfg = Debug|Any CPU
		{C6F54EA9-7BCD-4344-878B-25327E6FDD7C}.Debug|Any CPU.Build.0 = Debug|Any CPU
		{C6F54EA9-7BCD-4344-878B-25327E6FDD7C}.Release|Any CPU.ActiveCfg = Release|Any CPU
		{C6F54EA9-7BCD-4344-878B-25327E6FDD7C}.Release|Any CPU.Build.0 = Release|Any CPU
		{277217FA-6F52-4CAD-9487-D5BD7857D651}.Debug|Any CPU.ActiveCfg = Debug|Any CPU
		{277217FA-6F52-4CAD-9487-D5BD7857D651}.Debug|Any CPU.Build.0 = Debug|Any CPU
		{277217FA-6F52-4CAD-9487-D5BD7857D651}.Release|Any CPU.ActiveCfg = Release|Any CPU
		{277217FA-6F52-4CAD-9487-D5BD7857D651}.Release|Any CPU.Build.0 = Release|Any CPU
		{F2326AFD-FDF2-442D-8580-1EB6F309DAB6}.Debug|Any CPU.ActiveCfg = Debug|Any CPU
		{F2326AFD-FDF2-442D-8580-1EB6F309DAB6}.Debug|Any CPU.Build.0 = Debug|Any CPU
		{F2326AFD-FDF2-442D-8580-1EB6F309DAB6}.Release|Any CPU.ActiveCfg = Release|Any CPU
		{F2326AFD-FDF2-442D-8580-1EB6F309DAB6}.Release|Any CPU.Build.0 = Release|Any CPU
	EndGlobalSection
	GlobalSection(SolutionProperties) = preSolution
		HideSolutionNode = FALSE
	EndGlobalSection
	GlobalSection(ExtensibilityGlobals) = postSolution
		SolutionGuid = {B6A8D199-4603-4288-8D71-569FA539B654}
	EndGlobalSection
EndGlobal
